
Microsoft Visual Studio Solution File, Format Version 12.00
# Visual Studio Version 16
VisualStudioVersion = 16.0.30011.22
MinimumVisualStudioVersion = 10.0.40219.1
Project("{FAE04EC0-301F-11D3-BF4B-00C04F79EFBC}") = "Operator", "Operator\Operator.csproj", "{EA4C3CED-D2E5-41DC-9CFB-509AD1902B15}"
EndProject
Project("{FAE04EC0-301F-11D3-BF4B-00C04F79EFBC}") = "Managers", "Managers\Managers.csproj", "{EABF2C7B-BCFC-4E68-9645-63AFBD5B7E47}"
EndProject
Global
	GlobalSection(SolutionConfigurationPlatforms) = preSolution
		Debug|Any CPU = Debug|Any CPU
		Release|Any CPU = Release|Any CPU
	EndGlobalSection
	GlobalSection(ProjectConfigurationPlatforms) = postSolution
		{EA4C3CED-D2E5-41DC-9CFB-509AD1902B15}.Debug|Any CPU.ActiveCfg = Debug|Any CPU
		{EA4C3CED-D2E5-41DC-9CFB-509AD1902B15}.Debug|Any CPU.Build.0 = Debug|Any CPU
		{EA4C3CED-D2E5-41DC-9CFB-509AD1902B15}.Release|Any CPU.ActiveCfg = Release|Any CPU
		{EA4C3CED-D2E5-41DC-9CFB-509AD1902B15}.Release|Any CPU.Build.0 = Release|Any CPU
		{EABF2C7B-BCFC-4E68-9645-63AFBD5B7E47}.Debug|Any CPU.ActiveCfg = Debug|Any CPU
		{EABF2C7B-BCFC-4E68-9645-63AFBD5B7E47}.Debug|Any CPU.Build.0 = Debug|Any CPU
		{EABF2C7B-BCFC-4E68-9645-63AFBD5B7E47}.Release|Any CPU.ActiveCfg = Release|Any CPU
		{EABF2C7B-BCFC-4E68-9645-63AFBD5B7E47}.Release|Any CPU.Build.0 = Release|Any CPU
	EndGlobalSection
	GlobalSection(SolutionProperties) = preSolution
		HideSolutionNode = FALSE
	EndGlobalSection
	GlobalSection(ExtensibilityGlobals) = postSolution
		SolutionGuid = {930F11C2-A080-420D-BBED-E19058390C47}
	EndGlobalSection
EndGlobal
