
Microsoft Visual Studio Solution File, Format Version 12.00
# Visual Studio Version 16
VisualStudioVersion = 16.0.30011.22
MinimumVisualStudioVersion = 10.0.40219.1
Project("{FAE04EC0-301F-11D3-BF4B-00C04F79EFBC}") = "Operator", "Operator\Operator.csproj", "{EA4C3CED-D2E5-41DC-9CFB-509AD1902B15}"
EndProject
Project("{FAE04EC0-301F-11D3-BF4B-00C04F79EFBC}") = "DataConnect", "DataConnect\DataConnect.csproj", "{7BB642EE-3D13-42B6-BC55-297EF052E70A}"
EndProject
Project("{FAE04EC0-301F-11D3-BF4B-00C04F79EFBC}") = "MStestUnitsTest", "MStestUnitsTest\MStestUnitsTest.csproj", "{45AF92CC-1D8E-4255-A00C-92D1C6B1D852}"
EndProject
Global
	GlobalSection(SolutionConfigurationPlatforms) = preSolution
		Debug|Any CPU = Debug|Any CPU
		Release|Any CPU = Release|Any CPU
	EndGlobalSection
	GlobalSection(ProjectConfigurationPlatforms) = postSolution
		{EA4C3CED-D2E5-41DC-9CFB-509AD1902B15}.Debug|Any CPU.ActiveCfg = Debug|Any CPU
		{EA4C3CED-D2E5-41DC-9CFB-509AD1902B15}.Debug|Any CPU.Build.0 = Debug|Any CPU
		{EA4C3CED-D2E5-41DC-9CFB-509AD1902B15}.Release|Any CPU.ActiveCfg = Release|Any CPU
		{EA4C3CED-D2E5-41DC-9CFB-509AD1902B15}.Release|Any CPU.Build.0 = Release|Any CPU
		{7BB642EE-3D13-42B6-BC55-297EF052E70A}.Debug|Any CPU.ActiveCfg = Debug|Any CPU
		{7BB642EE-3D13-42B6-BC55-297EF052E70A}.Debug|Any CPU.Build.0 = Debug|Any CPU
		{7BB642EE-3D13-42B6-BC55-297EF052E70A}.Release|Any CPU.ActiveCfg = Release|Any CPU
		{7BB642EE-3D13-42B6-BC55-297EF052E70A}.Release|Any CPU.Build.0 = Release|Any CPU
		{45AF92CC-1D8E-4255-A00C-92D1C6B1D852}.Debug|Any CPU.ActiveCfg = Debug|Any CPU
		{45AF92CC-1D8E-4255-A00C-92D1C6B1D852}.Debug|Any CPU.Build.0 = Debug|Any CPU
		{45AF92CC-1D8E-4255-A00C-92D1C6B1D852}.Release|Any CPU.ActiveCfg = Release|Any CPU
		{45AF92CC-1D8E-4255-A00C-92D1C6B1D852}.Release|Any CPU.Build.0 = Release|Any CPU
	EndGlobalSection
	GlobalSection(SolutionProperties) = preSolution
		HideSolutionNode = FALSE
	EndGlobalSection
	GlobalSection(ExtensibilityGlobals) = postSolution
		SolutionGuid = {930F11C2-A080-420D-BBED-E19058390C47}
	EndGlobalSection
EndGlobal
